<Solution>
  <Folder Name="/Solution Items/">
    <File Path="README.md" />
  </Folder>
  <Project Path="frontend/frontend.esproj">
    <Build />
    <Deploy />
  </Project>
  <Project Path="Login.AppHost/Login.AppHost.csproj" />
  <Project Path="Login.Server.Tests/Login.Server.Tests.csproj" />
  <Project Path="Login.Server/Login.Server.csproj" />
</Solution>
